PODS:
  - BoringSSL (10.0):
    - BoringSSL/Implementation (= 10.0)
    - BoringSSL/Interface (= 10.0)
  - BoringSSL/Implementation (10.0):
    - BoringSSL/Interface (= 10.0)
  - BoringSSL/Interface (10.0)
  - cloud_firestore (0.0.1):
    - Firebase/Auth
    - Firebase/Core
    - Firebase/Database
    - Firebase/Firestore
    - Flutter
  - Firebase/Auth (4.11.0):
    - Firebase/Core
    - FirebaseAuth (= 4.5.0)
  - Firebase/Core (4.11.0):
    - FirebaseAnalytics (= 4.1.0)
    - FirebaseCore (= 4.0.18)
  - Firebase/Database (4.11.0):
    - Firebase/Core
    - FirebaseDatabase (= 4.1.5)
  - Firebase/Firestore (4.11.0):
    - Firebase/Core
    - FirebaseFirestore (= 0.10.4)
  - firebase_analytics (0.0.1):
    - Firebase/Core
    - Flutter
  - firebase_auth (0.0.1):
    - Firebase/Auth
    - Firebase/Core
    - Flutter
  - firebase_core (0.0.1):
    - Firebase/Core
    - Flutter
  - FirebaseAnalytics (4.1.0):
    - FirebaseCore (~> 4.0)
    - FirebaseInstanceID (~> 2.0)
    - GoogleToolboxForMac/NSData+zlib (~> 2.1)
    - nanopb (~> 0.3)
  - FirebaseAuth (4.5.0):
    - FirebaseAnalytics (~> 4.1)
    - GoogleToolboxForMac/NSDictionary+URLArguments (~> 2.1)
    - GTMSessionFetcher/Core (~> 1.1)
  - FirebaseCore (4.0.18):
    - GoogleToolboxForMac/NSData+zlib (~> 2.1)
  - FirebaseDatabase (4.1.5):
    - FirebaseAnalytics (~> 4.1)
    - FirebaseCore (~> 4.0)
    - leveldb-library (~> 1.18)
  - FirebaseFirestore (0.10.4):
    - FirebaseAnalytics (~> 4.1)
    - FirebaseCore (~> 4.0)
    - gRPC-ProtoRPC (~> 1.0)
    - leveldb-library (~> 1.18)
    - Protobuf (~> 3.5)
  - FirebaseInstanceID (2.0.10):
    - FirebaseCore (~> 4.0)
  - Flutter (1.0.0)
  - google_sign_in (0.0.1):
    - Flutter
    - GoogleSignIn (~> 4.0)
  - GoogleSignIn (4.1.2):
    - GoogleToolboxForMac/NSDictionary+URLArguments (~> 2.1)
    - GoogleToolboxForMac/NSString+URLArguments (~> 2.1)
    - GTMOAuth2 (~> 1.0)
    - GTMSessionFetcher/Core (~> 1.1)
  - GoogleToolboxForMac/DebugUtils (2.1.3):
    - GoogleToolboxForMac/Defines (= 2.1.3)
  - GoogleToolboxForMac/Defines (2.1.3)
  - GoogleToolboxForMac/NSData+zlib (2.1.3):
    - GoogleToolboxForMac/Defines (= 2.1.3)
  - GoogleToolboxForMac/NSDictionary+URLArguments (2.1.3):
    - GoogleToolboxForMac/DebugUtils (= 2.1.3)
    - GoogleToolboxForMac/Defines (= 2.1.3)
    - GoogleToolboxForMac/NSString+URLArguments (= 2.1.3)
  - GoogleToolboxForMac/NSString+URLArguments (2.1.3)
  - gRPC (1.10.0):
    - gRPC-RxLibrary (= 1.10.0)
    - gRPC/Main (= 1.10.0)
  - gRPC-Core (1.10.0):
    - gRPC-Core/Implementation (= 1.10.0)
    - gRPC-Core/Interface (= 1.10.0)
  - gRPC-Core/Implementation (1.10.0):
    - BoringSSL (~> 10.0)
    - gRPC-Core/Interface (= 1.10.0)
    - nanopb (~> 0.3)
  - gRPC-Core/Interface (1.10.0)
  - gRPC-ProtoRPC (1.10.0):
    - gRPC (= 1.10.0)
    - gRPC-RxLibrary (= 1.10.0)
    - Protobuf (~> 3.0)
  - gRPC-RxLibrary (1.10.0)
  - gRPC/Main (1.10.0):
    - gRPC-Core (= 1.10.0)
    - gRPC-RxLibrary (= 1.10.0)
  - GTMOAuth2 (1.1.6):
    - GTMSessionFetcher (~> 1.1)
  - GTMSessionFetcher (1.1.14):
    - GTMSessionFetcher/Full (= 1.1.14)
  - GTMSessionFetcher/Core (1.1.14)
  - GTMSessionFetcher/Full (1.1.14):
    - GTMSessionFetcher/Core (= 1.1.14)
  - leveldb-library (1.20)
  - nanopb (0.3.8):
    - nanopb/decode (= 0.3.8)
    - nanopb/encode (= 0.3.8)
  - nanopb/decode (0.3.8)
  - nanopb/encode (0.3.8)
  - Protobuf (3.5.0)

DEPENDENCIES:
  - cloud_firestore (from `/Users/niamhpower/.pub-cache/hosted/pub.dartlang.org/cloud_firestore-0.6.3/ios`)
  - firebase_analytics (from `/Users/niamhpower/.pub-cache/hosted/pub.dartlang.org/firebase_analytics-0.3.3/ios`)
  - firebase_auth (from `/Users/niamhpower/.pub-cache/hosted/pub.dartlang.org/firebase_auth-0.5.5/ios`)
  - firebase_core (from `/Users/niamhpower/.pub-cache/hosted/pub.dartlang.org/firebase_core-0.2.3/ios`)
  - Flutter (from `/Users/niamhpower/flutter/bin/cache/artifacts/engine/ios`)
  - google_sign_in (from `/Users/niamhpower/.pub-cache/hosted/pub.dartlang.org/google_sign_in-3.0.2/ios`)

EXTERNAL SOURCES:
  cloud_firestore:
    :path: /Users/niamhpower/.pub-cache/hosted/pub.dartlang.org/cloud_firestore-0.6.3/ios
  firebase_analytics:
    :path: /Users/niamhpower/.pub-cache/hosted/pub.dartlang.org/firebase_analytics-0.3.3/ios
  firebase_auth:
    :path: /Users/niamhpower/.pub-cache/hosted/pub.dartlang.org/firebase_auth-0.5.5/ios
  firebase_core:
    :path: /Users/niamhpower/.pub-cache/hosted/pub.dartlang.org/firebase_core-0.2.3/ios
  Flutter:
    :path: /Users/niamhpower/flutter/bin/cache/artifacts/engine/ios
  google_sign_in:
    :path: /Users/niamhpower/.pub-cache/hosted/pub.dartlang.org/google_sign_in-3.0.2/ios

SPEC CHECKSUMS:
  BoringSSL: 32764dbaf5f5888cf51fbaa172a010126b41bcd4
  cloud_firestore: a2d49d9c7219fce31033eb1a2ee953d7733c91d6
  Firebase: cc13dfab1038c8b45d7903e01fc690451d6d0b24
  firebase_analytics: fcc60a9de4b8e07aa5af8941303a7f5fe6e0383f
  firebase_auth: 27a5a77a032d557c18f8e223aaf8ec1368f6cdbc
  firebase_core: c96aa8b2fcf7f5167d32f22034f502f9304952b8
  FirebaseAnalytics: 3dfae28d4a5e06f86c4fae830efc2ad3fadb19bc
  FirebaseAuth: 147bf340a0706b44ca1753d6b41ebafd9687cfe6
  FirebaseCore: b981f47e5254cbcfdeb483355300d743f6fcab2c
  FirebaseDatabase: 5f0bc6134c5c237cf55f9e1249d406770a75eafd
  FirebaseFirestore: 796df79c29cf8ecf806564f4d347665bdafa6ef0
  FirebaseInstanceID: 8d20d890d65c917f9f7d9950b6e10a760ad34321
  Flutter: 9d0fac939486c9aba2809b7982dfdbb47a7b0296
  google_sign_in: cbeb57b96679823d14df6b2240b629b983a42d79
  GoogleSignIn: d9ef55b10f0aa401a5de2747f59b725e4b9732ac
  GoogleToolboxForMac: 2501e2ad72a52eb3dfe7bd9aee7dad11b858bd20
  gRPC: f54f0e6d603052b4562447da442ce2ff30bcdacc
  gRPC-Core: a030b1678ded49c88ec5ba7c90ee8ee5f47ec6e1
  gRPC-ProtoRPC: 22712b23eb1bda656a59715fa5c1da0ea1493ea4
  gRPC-RxLibrary: a41a4652d220f230ba1c0491a94ce2ee04c6180a
  GTMOAuth2: c77fe325e4acd453837e72d91e3b5f13116857b2
  GTMSessionFetcher: 390ea358e5a0d0133153806f744662dad933d06b
  leveldb-library: 08cba283675b7ed2d99629a4bc5fd052cd2bb6a5
  nanopb: 5601e6bca2dbf1ed831b519092ec110f66982ca3
  Protobuf: 8a9838fba8dae3389230e1b7f8c104aa32389c03

PODFILE CHECKSUM: 35947b2c1cae92ea15d99c3339306cd184068dd6

COCOAPODS: 1.4.0
